
Microsoft Visual Studio Solution File, Format Version 12.00
# Visual Studio Version 17
VisualStudioVersion = 17.9.34622.214
MinimumVisualStudioVersion = 10.0.40219.1
Project("{FAE04EC0-301F-11D3-BF4B-00C04F79EFBC}") = "Feladat8", "Feladat8\Feladat8.csproj", "{C7A44A76-FE94-4F15-986B-94242C9953EB}"
EndProject
Global
	GlobalSection(SolutionConfigurationPlatforms) = preSolution
		Debug|Any CPU = Debug|Any CPU
		Release|Any CPU = Release|Any CPU
	EndGlobalSection
	GlobalSection(ProjectConfigurationPlatforms) = postSolution
		{C7A44A76-FE94-4F15-986B-94242C9953EB}.Debug|Any CPU.ActiveCfg = Debug|Any CPU
		{C7A44A76-FE94-4F15-986B-94242C9953EB}.Debug|Any CPU.Build.0 = Debug|Any CPU
		{C7A44A76-FE94-4F15-986B-94242C9953EB}.Release|Any CPU.ActiveCfg = Release|Any CPU
		{C7A44A76-FE94-4F15-986B-94242C9953EB}.Release|Any CPU.Build.0 = Release|Any CPU
	EndGlobalSection
	GlobalSection(SolutionProperties) = preSolution
		HideSolutionNode = FALSE
	EndGlobalSection
	GlobalSection(ExtensibilityGlobals) = postSolution
		SolutionGuid = {4CFEE62A-6BCD-4993-9A4A-D8DB71932E07}
	EndGlobalSection
EndGlobal
